
Microsoft Visual Studio Solution File, Format Version 12.00
# Visual Studio Version 17
VisualStudioVersion = 17.0.31903.59
MinimumVisualStudioVersion = 10.0.40219.1
Project("{2150E333-8FDC-42A3-9474-1A3956D46DE8}") = "src", "src", "{8CE97D30-44DA-4971-B04C-E10D98C60B3C}"
EndProject
Project("{2150E333-8FDC-42A3-9474-1A3956D46DE8}") = "test", "test", "{6486F006-8FC0-4C52-A653-51B7504681C9}"
EndProject
Project("{9A19103F-16F7-4668-BE54-9A1E7A4F7556}") = "Npgsql.GeoQuery", "src\Npgsql.GeoQuery\Npgsql.GeoQuery.csproj", "{BAF16AD1-C713-402E-ADEA-3CD90FA96E6A}"
EndProject
Project("{9A19103F-16F7-4668-BE54-9A1E7A4F7556}") = "Npgsql.GeoQuery.Test", "test\Npgsql.GeoQuery.Test\Npgsql.GeoQuery.Test.csproj", "{C028B201-0804-4B82-AC65-9DFC009F3F50}"
EndProject
Project("{2150E333-8FDC-42A3-9474-1A3956D46DE8}") = "simple", "simple", "{5A2D5481-B7A2-4929-81FF-9DE5D645729D}"
EndProject
Project("{FAE04EC0-301F-11D3-BF4B-00C04F79EFBC}") = "Npgsql.GeoQuery.Simple", "simple\Npgsql.GeoQuery.Simple\Npgsql.GeoQuery.Simple.csproj", "{9AB6BBD3-C1D1-4912-B17D-D67465CB5EB2}"
EndProject
Global
	GlobalSection(SolutionConfigurationPlatforms) = preSolution
		Debug|Any CPU = Debug|Any CPU
		Release|Any CPU = Release|Any CPU
	EndGlobalSection
	GlobalSection(ProjectConfigurationPlatforms) = postSolution
		{BAF16AD1-C713-402E-ADEA-3CD90FA96E6A}.Debug|Any CPU.ActiveCfg = Debug|Any CPU
		{BAF16AD1-C713-402E-ADEA-3CD90FA96E6A}.Debug|Any CPU.Build.0 = Debug|Any CPU
		{BAF16AD1-C713-402E-ADEA-3CD90FA96E6A}.Release|Any CPU.ActiveCfg = Release|Any CPU
		{BAF16AD1-C713-402E-ADEA-3CD90FA96E6A}.Release|Any CPU.Build.0 = Release|Any CPU
		{C028B201-0804-4B82-AC65-9DFC009F3F50}.Debug|Any CPU.ActiveCfg = Debug|Any CPU
		{C028B201-0804-4B82-AC65-9DFC009F3F50}.Debug|Any CPU.Build.0 = Debug|Any CPU
		{C028B201-0804-4B82-AC65-9DFC009F3F50}.Release|Any CPU.ActiveCfg = Release|Any CPU
		{C028B201-0804-4B82-AC65-9DFC009F3F50}.Release|Any CPU.Build.0 = Release|Any CPU
		{9AB6BBD3-C1D1-4912-B17D-D67465CB5EB2}.Debug|Any CPU.ActiveCfg = Debug|Any CPU
		{9AB6BBD3-C1D1-4912-B17D-D67465CB5EB2}.Debug|Any CPU.Build.0 = Debug|Any CPU
		{9AB6BBD3-C1D1-4912-B17D-D67465CB5EB2}.Release|Any CPU.ActiveCfg = Release|Any CPU
		{9AB6BBD3-C1D1-4912-B17D-D67465CB5EB2}.Release|Any CPU.Build.0 = Release|Any CPU
	EndGlobalSection
	GlobalSection(SolutionProperties) = preSolution
		HideSolutionNode = FALSE
	EndGlobalSection
	GlobalSection(NestedProjects) = preSolution
		{BAF16AD1-C713-402E-ADEA-3CD90FA96E6A} = {8CE97D30-44DA-4971-B04C-E10D98C60B3C}
		{C028B201-0804-4B82-AC65-9DFC009F3F50} = {6486F006-8FC0-4C52-A653-51B7504681C9}
		{9AB6BBD3-C1D1-4912-B17D-D67465CB5EB2} = {5A2D5481-B7A2-4929-81FF-9DE5D645729D}
	EndGlobalSection
	GlobalSection(ExtensibilityGlobals) = postSolution
		SolutionGuid = {25D05D39-5D22-4E54-973F-CB9A2E1631FB}
	EndGlobalSection
EndGlobal
